
Microsoft Visual Studio Solution File, Format Version 12.00
# Visual Studio Version 16
VisualStudioVersion = 16.0.28803.202
MinimumVisualStudioVersion = 10.0.40219.1
Project("{8BC9CEB8-8B4A-11D0-8D11-00A0C91BC942}") = "Asm_7", "Asm_7\Asm_7.vcxproj", "{004E28D6-AB82-4F01-B731-55D96640EDA8}"
EndProject
Global
	GlobalSection(SolutionConfigurationPlatforms) = preSolution
		Debug|x64 = Debug|x64
		Debug|x86 = Debug|x86
		Release|x64 = Release|x64
		Release|x86 = Release|x86
	EndGlobalSection
	GlobalSection(ProjectConfigurationPlatforms) = postSolution
		{004E28D6-AB82-4F01-B731-55D96640EDA8}.Debug|x64.ActiveCfg = Debug|x64
		{004E28D6-AB82-4F01-B731-55D96640EDA8}.Debug|x64.Build.0 = Debug|x64
		{004E28D6-AB82-4F01-B731-55D96640EDA8}.Debug|x86.ActiveCfg = Debug|Win32
		{004E28D6-AB82-4F01-B731-55D96640EDA8}.Debug|x86.Build.0 = Debug|Win32
		{004E28D6-AB82-4F01-B731-55D96640EDA8}.Release|x64.ActiveCfg = Release|x64
		{004E28D6-AB82-4F01-B731-55D96640EDA8}.Release|x64.Build.0 = Release|x64
		{004E28D6-AB82-4F01-B731-55D96640EDA8}.Release|x86.ActiveCfg = Release|Win32
		{004E28D6-AB82-4F01-B731-55D96640EDA8}.Release|x86.Build.0 = Release|Win32
	EndGlobalSection
	GlobalSection(SolutionProperties) = preSolution
		HideSolutionNode = FALSE
	EndGlobalSection
	GlobalSection(ExtensibilityGlobals) = postSolution
		SolutionGuid = {C4C6044A-176E-4A67-9A3D-1956232F930D}
	EndGlobalSection
EndGlobal
